
Microsoft Visual Studio Solution File, Format Version 12.00
# Visual Studio 15
VisualStudioVersion = 15.0.27703.2026
MinimumVisualStudioVersion = 10.0.40219.1
Project("{FAE04EC0-301F-11D3-BF4B-00C04F79EFBC}") = "Config All", "Config All Example\Config All.csproj", "{2A573FE1-1FD4-4575-A6BD-D7ECA39E8F42}"
EndProject
Project("{FAE04EC0-301F-11D3-BF4B-00C04F79EFBC}") = "CTRE", "..\..\..\Phoenix-Framework\Phoenix-netmf-lib\CTRE\CTRE.csproj", "{033C1A94-38BF-48B7-9E67-381468F762EB}"
EndProject
Global
	GlobalSection(SolutionConfigurationPlatforms) = preSolution
		Debug|Any CPU = Debug|Any CPU
		Debug|x64 = Debug|x64
		Debug|x86 = Debug|x86
		Release|Any CPU = Release|Any CPU
		Release|x64 = Release|x64
		Release|x86 = Release|x86
	EndGlobalSection
	GlobalSection(ProjectConfigurationPlatforms) = postSolution
		{2A573FE1-1FD4-4575-A6BD-D7ECA39E8F42}.Debug|Any CPU.ActiveCfg = Debug|Any CPU
		{2A573FE1-1FD4-4575-A6BD-D7ECA39E8F42}.Debug|Any CPU.Build.0 = Debug|Any CPU
		{2A573FE1-1FD4-4575-A6BD-D7ECA39E8F42}.Debug|Any CPU.Deploy.0 = Debug|Any CPU
		{2A573FE1-1FD4-4575-A6BD-D7ECA39E8F42}.Debug|x64.ActiveCfg = Debug|Any CPU
		{2A573FE1-1FD4-4575-A6BD-D7ECA39E8F42}.Debug|x64.Build.0 = Debug|Any CPU
		{2A573FE1-1FD4-4575-A6BD-D7ECA39E8F42}.Debug|x64.Deploy.0 = Debug|Any CPU
		{2A573FE1-1FD4-4575-A6BD-D7ECA39E8F42}.Debug|x86.ActiveCfg = Debug|Any CPU
		{2A573FE1-1FD4-4575-A6BD-D7ECA39E8F42}.Debug|x86.Build.0 = Debug|Any CPU
		{2A573FE1-1FD4-4575-A6BD-D7ECA39E8F42}.Debug|x86.Deploy.0 = Debug|Any CPU
		{2A573FE1-1FD4-4575-A6BD-D7ECA39E8F42}.Release|Any CPU.ActiveCfg = Release|Any CPU
		{2A573FE1-1FD4-4575-A6BD-D7ECA39E8F42}.Release|Any CPU.Build.0 = Release|Any CPU
		{2A573FE1-1FD4-4575-A6BD-D7ECA39E8F42}.Release|Any CPU.Deploy.0 = Release|Any CPU
		{2A573FE1-1FD4-4575-A6BD-D7ECA39E8F42}.Release|x64.ActiveCfg = Release|Any CPU
		{2A573FE1-1FD4-4575-A6BD-D7ECA39E8F42}.Release|x64.Build.0 = Release|Any CPU
		{2A573FE1-1FD4-4575-A6BD-D7ECA39E8F42}.Release|x64.Deploy.0 = Release|Any CPU
		{2A573FE1-1FD4-4575-A6BD-D7ECA39E8F42}.Release|x86.ActiveCfg = Release|Any CPU
		{2A573FE1-1FD4-4575-A6BD-D7ECA39E8F42}.Release|x86.Build.0 = Release|Any CPU
		{2A573FE1-1FD4-4575-A6BD-D7ECA39E8F42}.Release|x86.Deploy.0 = Release|Any CPU
		{033C1A94-38BF-48B7-9E67-381468F762EB}.Debug|Any CPU.ActiveCfg = Debug|Any CPU
		{033C1A94-38BF-48B7-9E67-381468F762EB}.Debug|Any CPU.Build.0 = Debug|Any CPU
		{033C1A94-38BF-48B7-9E67-381468F762EB}.Debug|x64.ActiveCfg = Debug|x64
		{033C1A94-38BF-48B7-9E67-381468F762EB}.Debug|x64.Build.0 = Debug|x64
		{033C1A94-38BF-48B7-9E67-381468F762EB}.Debug|x86.ActiveCfg = Debug|x86
		{033C1A94-38BF-48B7-9E67-381468F762EB}.Debug|x86.Build.0 = Debug|x86
		{033C1A94-38BF-48B7-9E67-381468F762EB}.Release|Any CPU.ActiveCfg = Release|Any CPU
		{033C1A94-38BF-48B7-9E67-381468F762EB}.Release|Any CPU.Build.0 = Release|Any CPU
		{033C1A94-38BF-48B7-9E67-381468F762EB}.Release|x64.ActiveCfg = Release|x64
		{033C1A94-38BF-48B7-9E67-381468F762EB}.Release|x64.Build.0 = Release|x64
		{033C1A94-38BF-48B7-9E67-381468F762EB}.Release|x86.ActiveCfg = Release|x86
		{033C1A94-38BF-48B7-9E67-381468F762EB}.Release|x86.Build.0 = Release|x86
	EndGlobalSection
	GlobalSection(SolutionProperties) = preSolution
		HideSolutionNode = FALSE
	EndGlobalSection
	GlobalSection(ExtensibilityGlobals) = postSolution
		SolutionGuid = {3B3EB7E7-460E-4792-8BFC-582C22A239E5}
	EndGlobalSection
EndGlobal
