
Microsoft Visual Studio Solution File, Format Version 12.00
# Visual Studio 15
VisualStudioVersion = 15.0.26730.16
MinimumVisualStudioVersion = 10.0.40219.1
Project("{FAE04EC0-301F-11D3-BF4B-00C04F79EFBC}") = "HERO FRC Control", "HERO FRC Control.csproj", "{9E094A9F-A644-4E3A-8E89-38F26D444099}"
EndProject
Global
	GlobalSection(SolutionConfigurationPlatforms) = preSolution
		Debug|Any CPU = Debug|Any CPU
		Release|Any CPU = Release|Any CPU
	EndGlobalSection
	GlobalSection(ProjectConfigurationPlatforms) = postSolution
		{9E094A9F-A644-4E3A-8E89-38F26D444099}.Debug|Any CPU.ActiveCfg = Debug|Any CPU
		{9E094A9F-A644-4E3A-8E89-38F26D444099}.Debug|Any CPU.Build.0 = Debug|Any CPU
		{9E094A9F-A644-4E3A-8E89-38F26D444099}.Debug|Any CPU.Deploy.0 = Debug|Any CPU
		{9E094A9F-A644-4E3A-8E89-38F26D444099}.Release|Any CPU.ActiveCfg = Release|Any CPU
		{9E094A9F-A644-4E3A-8E89-38F26D444099}.Release|Any CPU.Build.0 = Release|Any CPU
		{9E094A9F-A644-4E3A-8E89-38F26D444099}.Release|Any CPU.Deploy.0 = Release|Any CPU
	EndGlobalSection
	GlobalSection(SolutionProperties) = preSolution
		HideSolutionNode = FALSE
	EndGlobalSection
	GlobalSection(ExtensibilityGlobals) = postSolution
		SolutionGuid = {C68676ED-B0A3-4C19-AEE1-3E66CB4F7960}
	EndGlobalSection
EndGlobal
