
Microsoft Visual Studio Solution File, Format Version 12.00
# Visual Studio 15
VisualStudioVersion = 15.0.26730.16
MinimumVisualStudioVersion = 10.0.40219.1
Project("{FAE04EC0-301F-11D3-BF4B-00C04F79EFBC}") = "DriveStraightAuxiliary[Pigeon]", "DriveStraightAuxiliary[Pigeon].csproj", "{AC23E689-15E4-42C7-981F-0CCB6B3AED0E}"
EndProject
Global
	GlobalSection(SolutionConfigurationPlatforms) = preSolution
		Debug|Any CPU = Debug|Any CPU
		Release|Any CPU = Release|Any CPU
	EndGlobalSection
	GlobalSection(ProjectConfigurationPlatforms) = postSolution
		{AC23E689-15E4-42C7-981F-0CCB6B3AED0E}.Debug|Any CPU.ActiveCfg = Debug|Any CPU
		{AC23E689-15E4-42C7-981F-0CCB6B3AED0E}.Debug|Any CPU.Build.0 = Debug|Any CPU
		{AC23E689-15E4-42C7-981F-0CCB6B3AED0E}.Debug|Any CPU.Deploy.0 = Debug|Any CPU
		{AC23E689-15E4-42C7-981F-0CCB6B3AED0E}.Release|Any CPU.ActiveCfg = Release|Any CPU
		{AC23E689-15E4-42C7-981F-0CCB6B3AED0E}.Release|Any CPU.Build.0 = Release|Any CPU
		{AC23E689-15E4-42C7-981F-0CCB6B3AED0E}.Release|Any CPU.Deploy.0 = Release|Any CPU
	EndGlobalSection
	GlobalSection(SolutionProperties) = preSolution
		HideSolutionNode = FALSE
	EndGlobalSection
	GlobalSection(ExtensibilityGlobals) = postSolution
		SolutionGuid = {868D7FDA-6ED6-4EE7-AC7A-8CFBCA3C4300}
	EndGlobalSection
EndGlobal
