
Microsoft Visual Studio Solution File, Format Version 12.00
# Visual Studio 15
VisualStudioVersion = 15.0.27703.2000
MinimumVisualStudioVersion = 10.0.40219.1
Project("{FAE04EC0-301F-11D3-BF4B-00C04F79EFBC}") = "MotionProfileArc[Pigeon]", "MotionProfileArc[Pigeon].csproj", "{AAE03C8E-8B1F-478E-9F37-6065DF78023E}"
EndProject
Global
	GlobalSection(SolutionConfigurationPlatforms) = preSolution
		Debug|Any CPU = Debug|Any CPU
		Release|Any CPU = Release|Any CPU
	EndGlobalSection
	GlobalSection(ProjectConfigurationPlatforms) = postSolution
		{AAE03C8E-8B1F-478E-9F37-6065DF78023E}.Debug|Any CPU.ActiveCfg = Debug|Any CPU
		{AAE03C8E-8B1F-478E-9F37-6065DF78023E}.Debug|Any CPU.Build.0 = Debug|Any CPU
		{AAE03C8E-8B1F-478E-9F37-6065DF78023E}.Debug|Any CPU.Deploy.0 = Debug|Any CPU
		{AAE03C8E-8B1F-478E-9F37-6065DF78023E}.Release|Any CPU.ActiveCfg = Release|Any CPU
		{AAE03C8E-8B1F-478E-9F37-6065DF78023E}.Release|Any CPU.Build.0 = Release|Any CPU
		{AAE03C8E-8B1F-478E-9F37-6065DF78023E}.Release|Any CPU.Deploy.0 = Release|Any CPU
	EndGlobalSection
	GlobalSection(SolutionProperties) = preSolution
		HideSolutionNode = FALSE
	EndGlobalSection
	GlobalSection(ExtensibilityGlobals) = postSolution
		SolutionGuid = {DDD56814-438E-4272-ADB2-31341E73AF95}
	EndGlobalSection
EndGlobal
