
Microsoft Visual Studio Solution File, Format Version 12.00
# Visual Studio 15
VisualStudioVersion = 15.0.28307.705
MinimumVisualStudioVersion = 10.0.40219.1
Project("{FAE04EC0-301F-11D3-BF4B-00C04F79EFBC}") = "HERO Wifi Ring Buffer Example", "HERO ESP12F Wifi Ring Buffer Example\HERO Wifi Ring Buffer Example.csproj", "{C31E8786-07A1-4996-8397-900BCFFA0EA0}"
EndProject
Global
	GlobalSection(SolutionConfigurationPlatforms) = preSolution
		Debug|Any CPU = Debug|Any CPU
		Release|Any CPU = Release|Any CPU
	EndGlobalSection
	GlobalSection(ProjectConfigurationPlatforms) = postSolution
		{C31E8786-07A1-4996-8397-900BCFFA0EA0}.Debug|Any CPU.ActiveCfg = Debug|Any CPU
		{C31E8786-07A1-4996-8397-900BCFFA0EA0}.Debug|Any CPU.Build.0 = Debug|Any CPU
		{C31E8786-07A1-4996-8397-900BCFFA0EA0}.Debug|Any CPU.Deploy.0 = Debug|Any CPU
		{C31E8786-07A1-4996-8397-900BCFFA0EA0}.Release|Any CPU.ActiveCfg = Release|Any CPU
		{C31E8786-07A1-4996-8397-900BCFFA0EA0}.Release|Any CPU.Build.0 = Release|Any CPU
		{C31E8786-07A1-4996-8397-900BCFFA0EA0}.Release|Any CPU.Deploy.0 = Release|Any CPU
	EndGlobalSection
	GlobalSection(SolutionProperties) = preSolution
		HideSolutionNode = FALSE
	EndGlobalSection
	GlobalSection(ExtensibilityGlobals) = postSolution
		SolutionGuid = {29076654-4283-4BD6-A2AA-616A7C336BB3}
	EndGlobalSection
EndGlobal
