
Microsoft Visual Studio Solution File, Format Version 12.00
# Visual Studio 15
VisualStudioVersion = 15.0.26730.16
MinimumVisualStudioVersion = 10.0.40219.1
Project("{FAE04EC0-301F-11D3-BF4B-00C04F79EFBC}") = "ArcadeDriveAuxiliary", "ArcadeDriveAuxiliary.csproj", "{C117DB82-C63B-4A6A-B13C-E33309BC9476}"
EndProject
Global
	GlobalSection(SolutionConfigurationPlatforms) = preSolution
		Debug|Any CPU = Debug|Any CPU
		Release|Any CPU = Release|Any CPU
	EndGlobalSection
	GlobalSection(ProjectConfigurationPlatforms) = postSolution
		{C117DB82-C63B-4A6A-B13C-E33309BC9476}.Debug|Any CPU.ActiveCfg = Debug|Any CPU
		{C117DB82-C63B-4A6A-B13C-E33309BC9476}.Debug|Any CPU.Build.0 = Debug|Any CPU
		{C117DB82-C63B-4A6A-B13C-E33309BC9476}.Debug|Any CPU.Deploy.0 = Debug|Any CPU
		{C117DB82-C63B-4A6A-B13C-E33309BC9476}.Release|Any CPU.ActiveCfg = Release|Any CPU
		{C117DB82-C63B-4A6A-B13C-E33309BC9476}.Release|Any CPU.Build.0 = Release|Any CPU
		{C117DB82-C63B-4A6A-B13C-E33309BC9476}.Release|Any CPU.Deploy.0 = Release|Any CPU
	EndGlobalSection
	GlobalSection(SolutionProperties) = preSolution
		HideSolutionNode = FALSE
	EndGlobalSection
	GlobalSection(ExtensibilityGlobals) = postSolution
		SolutionGuid = {7153359F-93DF-4BC0-BBCB-555D7C46826D}
	EndGlobalSection
EndGlobal
